
Microsoft Visual Studio Solution File, Format Version 12.00
# Visual Studio Express 2013 for Windows Desktop
VisualStudioVersion = 12.0.31101.0
MinimumVisualStudioVersion = 10.0.40219.1
Project("{FAE04EC0-301F-11D3-BF4B-00C04F79EFBC}") = "new1", "new1\new1.csproj", "{DC027027-CF63-4212-A652-2BF606436576}"
EndProject
Global
	GlobalSection(SolutionConfigurationPlatforms) = preSolution
		Debug|Any CPU = Debug|Any CPU
		Release|Any CPU = Release|Any CPU
	EndGlobalSection
	GlobalSection(ProjectConfigurationPlatforms) = postSolution
		{DC027027-CF63-4212-A652-2BF606436576}.Debug|Any CPU.ActiveCfg = Debug|Any CPU
		{DC027027-CF63-4212-A652-2BF606436576}.Debug|Any CPU.Build.0 = Debug|Any CPU
		{DC027027-CF63-4212-A652-2BF606436576}.Release|Any CPU.ActiveCfg = Release|Any CPU
		{DC027027-CF63-4212-A652-2BF606436576}.Release|Any CPU.Build.0 = Release|Any CPU
	EndGlobalSection
	GlobalSection(SolutionProperties) = preSolution
		HideSolutionNode = FALSE
	EndGlobalSection
EndGlobal
